
Microsoft Visual Studio Solution File, Format Version 12.00
# Visual Studio Version 17
VisualStudioVersion = 17.13.35825.156 d17.13
MinimumVisualStudioVersion = 10.0.40219.1
Project("{FAE04EC0-301F-11D3-BF4B-00C04F79EFBC}") = "JogodDeDadosConsoleApp", "JogodDeDadosConsoleApp\JogodDeDadosConsoleApp.csproj", "{EAA710E3-A15D-4239-A896-A7DA3C407940}"
EndProject
Global
	GlobalSection(SolutionConfigurationPlatforms) = preSolution
		Debug|Any CPU = Debug|Any CPU
		Release|Any CPU = Release|Any CPU
	EndGlobalSection
	GlobalSection(ProjectConfigurationPlatforms) = postSolution
		{EAA710E3-A15D-4239-A896-A7DA3C407940}.Debug|Any CPU.ActiveCfg = Debug|Any CPU
		{EAA710E3-A15D-4239-A896-A7DA3C407940}.Debug|Any CPU.Build.0 = Debug|Any CPU
		{EAA710E3-A15D-4239-A896-A7DA3C407940}.Release|Any CPU.ActiveCfg = Release|Any CPU
		{EAA710E3-A15D-4239-A896-A7DA3C407940}.Release|Any CPU.Build.0 = Release|Any CPU
	EndGlobalSection
	GlobalSection(SolutionProperties) = preSolution
		HideSolutionNode = FALSE
	EndGlobalSection
	GlobalSection(ExtensibilityGlobals) = postSolution
		SolutionGuid = {1903C99F-C845-475A-B73E-B3BD6C06D8D1}
	EndGlobalSection
EndGlobal
